
Microsoft Visual Studio Solution File, Format Version 12.00
# Visual Studio Version 17
VisualStudioVersion = 17.0.31903.59
MinimumVisualStudioVersion = 10.0.40219.1
Project("{2150E333-8FDC-42A3-9474-1A3956D46DE8}") = "src", "src", "{827E0CD3-B72D-47B6-A68D-7590B98EB39B}"
EndProject
Project("{FAE04EC0-301F-11D3-BF4B-00C04F79EFBC}") = "WattsOn.Domain", "src\WattsOn.Domain\WattsOn.Domain.csproj", "{F50251A5-3270-4F82-AF07-228D750DECC7}"
EndProject
Project("{FAE04EC0-301F-11D3-BF4B-00C04F79EFBC}") = "WattsOn.Application", "src\WattsOn.Application\WattsOn.Application.csproj", "{0CA87F1C-699F-4D35-9CEC-EE85B5146489}"
EndProject
Project("{FAE04EC0-301F-11D3-BF4B-00C04F79EFBC}") = "WattsOn.Infrastructure", "src\WattsOn.Infrastructure\WattsOn.Infrastructure.csproj", "{FD60DDD4-951F-4709-A870-86C9FF608361}"
EndProject
Project("{FAE04EC0-301F-11D3-BF4B-00C04F79EFBC}") = "WattsOn.Worker", "src\WattsOn.Worker\WattsOn.Worker.csproj", "{50D90504-4F9F-4A47-A074-16C353C32DE2}"
EndProject
Project("{FAE04EC0-301F-11D3-BF4B-00C04F79EFBC}") = "WattsOn.Api", "src\WattsOn.Api\WattsOn.Api.csproj", "{7E7F68BF-8942-4A1A-9DF7-5F81B970D3D5}"
EndProject
Project("{2150E333-8FDC-42A3-9474-1A3956D46DE8}") = "tests", "tests", "{0AB3BF05-4346-4AA6-1389-037BE0695223}"
EndProject
Project("{FAE04EC0-301F-11D3-BF4B-00C04F79EFBC}") = "WattsOn.Domain.Tests", "tests\WattsOn.Domain.Tests\WattsOn.Domain.Tests.csproj", "{D7496BB4-81D6-4D25-9BB5-29B367B9CD37}"
EndProject
Project("{FAE04EC0-301F-11D3-BF4B-00C04F79EFBC}") = "WattsOn.Application.Tests", "tests\WattsOn.Application.Tests\WattsOn.Application.Tests.csproj", "{3E3D1204-92B0-41A8-87CB-4B56B2DC27A5}"
EndProject
Project("{FAE04EC0-301F-11D3-BF4B-00C04F79EFBC}") = "WattsOn.Infrastructure.Tests", "tests\WattsOn.Infrastructure.Tests\WattsOn.Infrastructure.Tests.csproj", "{B413971C-F506-4069-B2EE-EF56E055C6E5}"
EndProject
Global
	GlobalSection(SolutionConfigurationPlatforms) = preSolution
		Debug|Any CPU = Debug|Any CPU
		Debug|x64 = Debug|x64
		Debug|x86 = Debug|x86
		Release|Any CPU = Release|Any CPU
		Release|x64 = Release|x64
		Release|x86 = Release|x86
	EndGlobalSection
	GlobalSection(ProjectConfigurationPlatforms) = postSolution
		{F50251A5-3270-4F82-AF07-228D750DECC7}.Debug|Any CPU.ActiveCfg = Debug|Any CPU
		{F50251A5-3270-4F82-AF07-228D750DECC7}.Debug|Any CPU.Build.0 = Debug|Any CPU
		{F50251A5-3270-4F82-AF07-228D750DECC7}.Debug|x64.ActiveCfg = Debug|Any CPU
		{F50251A5-3270-4F82-AF07-228D750DECC7}.Debug|x64.Build.0 = Debug|Any CPU
		{F50251A5-3270-4F82-AF07-228D750DECC7}.Debug|x86.ActiveCfg = Debug|Any CPU
		{F50251A5-3270-4F82-AF07-228D750DECC7}.Debug|x86.Build.0 = Debug|Any CPU
		{F50251A5-3270-4F82-AF07-228D750DECC7}.Release|Any CPU.ActiveCfg = Release|Any CPU
		{F50251A5-3270-4F82-AF07-228D750DECC7}.Release|Any CPU.Build.0 = Release|Any CPU
		{F50251A5-3270-4F82-AF07-228D750DECC7}.Release|x64.ActiveCfg = Release|Any CPU
		{F50251A5-3270-4F82-AF07-228D750DECC7}.Release|x64.Build.0 = Release|Any CPU
		{F50251A5-3270-4F82-AF07-228D750DECC7}.Release|x86.ActiveCfg = Release|Any CPU
		{F50251A5-3270-4F82-AF07-228D750DECC7}.Release|x86.Build.0 = Release|Any CPU
		{0CA87F1C-699F-4D35-9CEC-EE85B5146489}.Debug|Any CPU.ActiveCfg = Debug|Any CPU
		{0CA87F1C-699F-4D35-9CEC-EE85B5146489}.Debug|Any CPU.Build.0 = Debug|Any CPU
		{0CA87F1C-699F-4D35-9CEC-EE85B5146489}.Debug|x64.ActiveCfg = Debug|Any CPU
		{0CA87F1C-699F-4D35-9CEC-EE85B5146489}.Debug|x64.Build.0 = Debug|Any CPU
		{0CA87F1C-699F-4D35-9CEC-EE85B5146489}.Debug|x86.ActiveCfg = Debug|Any CPU
		{0CA87F1C-699F-4D35-9CEC-EE85B5146489}.Debug|x86.Build.0 = Debug|Any CPU
		{0CA87F1C-699F-4D35-9CEC-EE85B5146489}.Release|Any CPU.ActiveCfg = Release|Any CPU
		{0CA87F1C-699F-4D35-9CEC-EE85B5146489}.Release|Any CPU.Build.0 = Release|Any CPU
		{0CA87F1C-699F-4D35-9CEC-EE85B5146489}.Release|x64.ActiveCfg = Release|Any CPU
		{0CA87F1C-699F-4D35-9CEC-EE85B5146489}.Release|x64.Build.0 = Release|Any CPU
		{0CA87F1C-699F-4D35-9CEC-EE85B5146489}.Release|x86.ActiveCfg = Release|Any CPU
		{0CA87F1C-699F-4D35-9CEC-EE85B5146489}.Release|x86.Build.0 = Release|Any CPU
		{FD60DDD4-951F-4709-A870-86C9FF608361}.Debug|Any CPU.ActiveCfg = Debug|Any CPU
		{FD60DDD4-951F-4709-A870-86C9FF608361}.Debug|Any CPU.Build.0 = Debug|Any CPU
		{FD60DDD4-951F-4709-A870-86C9FF608361}.Debug|x64.ActiveCfg = Debug|Any CPU
		{FD60DDD4-951F-4709-A870-86C9FF608361}.Debug|x64.Build.0 = Debug|Any CPU
		{FD60DDD4-951F-4709-A870-86C9FF608361}.Debug|x86.ActiveCfg = Debug|Any CPU
		{FD60DDD4-951F-4709-A870-86C9FF608361}.Debug|x86.Build.0 = Debug|Any CPU
		{FD60DDD4-951F-4709-A870-86C9FF608361}.Release|Any CPU.ActiveCfg = Release|Any CPU
		{FD60DDD4-951F-4709-A870-86C9FF608361}.Release|Any CPU.Build.0 = Release|Any CPU
		{FD60DDD4-951F-4709-A870-86C9FF608361}.Release|x64.ActiveCfg = Release|Any CPU
		{FD60DDD4-951F-4709-A870-86C9FF608361}.Release|x64.Build.0 = Release|Any CPU
		{FD60DDD4-951F-4709-A870-86C9FF608361}.Release|x86.ActiveCfg = Release|Any CPU
		{FD60DDD4-951F-4709-A870-86C9FF608361}.Release|x86.Build.0 = Release|Any CPU
		{50D90504-4F9F-4A47-A074-16C353C32DE2}.Debug|Any CPU.ActiveCfg = Debug|Any CPU
		{50D90504-4F9F-4A47-A074-16C353C32DE2}.Debug|Any CPU.Build.0 = Debug|Any CPU
		{50D90504-4F9F-4A47-A074-16C353C32DE2}.Debug|x64.ActiveCfg = Debug|Any CPU
		{50D90504-4F9F-4A47-A074-16C353C32DE2}.Debug|x64.Build.0 = Debug|Any CPU
		{50D90504-4F9F-4A47-A074-16C353C32DE2}.Debug|x86.ActiveCfg = Debug|Any CPU
		{50D90504-4F9F-4A47-A074-16C353C32DE2}.Debug|x86.Build.0 = Debug|Any CPU
		{50D90504-4F9F-4A47-A074-16C353C32DE2}.Release|Any CPU.ActiveCfg = Release|Any CPU
		{50D90504-4F9F-4A47-A074-16C353C32DE2}.Release|Any CPU.Build.0 = Release|Any CPU
		{50D90504-4F9F-4A47-A074-16C353C32DE2}.Release|x64.ActiveCfg = Release|Any CPU
		{50D90504-4F9F-4A47-A074-16C353C32DE2}.Release|x64.Build.0 = Release|Any CPU
		{50D90504-4F9F-4A47-A074-16C353C32DE2}.Release|x86.ActiveCfg = Release|Any CPU
		{50D90504-4F9F-4A47-A074-16C353C32DE2}.Release|x86.Build.0 = Release|Any CPU
		{7E7F68BF-8942-4A1A-9DF7-5F81B970D3D5}.Debug|Any CPU.ActiveCfg = Debug|Any CPU
		{7E7F68BF-8942-4A1A-9DF7-5F81B970D3D5}.Debug|Any CPU.Build.0 = Debug|Any CPU
		{7E7F68BF-8942-4A1A-9DF7-5F81B970D3D5}.Debug|x64.ActiveCfg = Debug|Any CPU
		{7E7F68BF-8942-4A1A-9DF7-5F81B970D3D5}.Debug|x64.Build.0 = Debug|Any CPU
		{7E7F68BF-8942-4A1A-9DF7-5F81B970D3D5}.Debug|x86.ActiveCfg = Debug|Any CPU
		{7E7F68BF-8942-4A1A-9DF7-5F81B970D3D5}.Debug|x86.Build.0 = Debug|Any CPU
		{7E7F68BF-8942-4A1A-9DF7-5F81B970D3D5}.Release|Any CPU.ActiveCfg = Release|Any CPU
		{7E7F68BF-8942-4A1A-9DF7-5F81B970D3D5}.Release|Any CPU.Build.0 = Release|Any CPU
		{7E7F68BF-8942-4A1A-9DF7-5F81B970D3D5}.Release|x64.ActiveCfg = Release|Any CPU
		{7E7F68BF-8942-4A1A-9DF7-5F81B970D3D5}.Release|x64.Build.0 = Release|Any CPU
		{7E7F68BF-8942-4A1A-9DF7-5F81B970D3D5}.Release|x86.ActiveCfg = Release|Any CPU
		{7E7F68BF-8942-4A1A-9DF7-5F81B970D3D5}.Release|x86.Build.0 = Release|Any CPU
		{D7496BB4-81D6-4D25-9BB5-29B367B9CD37}.Debug|Any CPU.ActiveCfg = Debug|Any CPU
		{D7496BB4-81D6-4D25-9BB5-29B367B9CD37}.Debug|Any CPU.Build.0 = Debug|Any CPU
		{D7496BB4-81D6-4D25-9BB5-29B367B9CD37}.Debug|x64.ActiveCfg = Debug|Any CPU
		{D7496BB4-81D6-4D25-9BB5-29B367B9CD37}.Debug|x64.Build.0 = Debug|Any CPU
		{D7496BB4-81D6-4D25-9BB5-29B367B9CD37}.Debug|x86.ActiveCfg = Debug|Any CPU
		{D7496BB4-81D6-4D25-9BB5-29B367B9CD37}.Debug|x86.Build.0 = Debug|Any CPU
		{D7496BB4-81D6-4D25-9BB5-29B367B9CD37}.Release|Any CPU.ActiveCfg = Release|Any CPU
		{D7496BB4-81D6-4D25-9BB5-29B367B9CD37}.Release|Any CPU.Build.0 = Release|Any CPU
		{D7496BB4-81D6-4D25-9BB5-29B367B9CD37}.Release|x64.ActiveCfg = Release|Any CPU
		{D7496BB4-81D6-4D25-9BB5-29B367B9CD37}.Release|x64.Build.0 = Release|Any CPU
		{D7496BB4-81D6-4D25-9BB5-29B367B9CD37}.Release|x86.ActiveCfg = Release|Any CPU
		{D7496BB4-81D6-4D25-9BB5-29B367B9CD37}.Release|x86.Build.0 = Release|Any CPU
		{3E3D1204-92B0-41A8-87CB-4B56B2DC27A5}.Debug|Any CPU.ActiveCfg = Debug|Any CPU
		{3E3D1204-92B0-41A8-87CB-4B56B2DC27A5}.Debug|Any CPU.Build.0 = Debug|Any CPU
		{3E3D1204-92B0-41A8-87CB-4B56B2DC27A5}.Debug|x64.ActiveCfg = Debug|Any CPU
		{3E3D1204-92B0-41A8-87CB-4B56B2DC27A5}.Debug|x64.Build.0 = Debug|Any CPU
		{3E3D1204-92B0-41A8-87CB-4B56B2DC27A5}.Debug|x86.ActiveCfg = Debug|Any CPU
		{3E3D1204-92B0-41A8-87CB-4B56B2DC27A5}.Debug|x86.Build.0 = Debug|Any CPU
		{3E3D1204-92B0-41A8-87CB-4B56B2DC27A5}.Release|Any CPU.ActiveCfg = Release|Any CPU
		{3E3D1204-92B0-41A8-87CB-4B56B2DC27A5}.Release|Any CPU.Build.0 = Release|Any CPU
		{3E3D1204-92B0-41A8-87CB-4B56B2DC27A5}.Release|x64.ActiveCfg = Release|Any CPU
		{3E3D1204-92B0-41A8-87CB-4B56B2DC27A5}.Release|x64.Build.0 = Release|Any CPU
		{3E3D1204-92B0-41A8-87CB-4B56B2DC27A5}.Release|x86.ActiveCfg = Release|Any CPU
		{3E3D1204-92B0-41A8-87CB-4B56B2DC27A5}.Release|x86.Build.0 = Release|Any CPU
		{B413971C-F506-4069-B2EE-EF56E055C6E5}.Debug|Any CPU.ActiveCfg = Debug|Any CPU
		{B413971C-F506-4069-B2EE-EF56E055C6E5}.Debug|Any CPU.Build.0 = Debug|Any CPU
		{B413971C-F506-4069-B2EE-EF56E055C6E5}.Debug|x64.ActiveCfg = Debug|Any CPU
		{B413971C-F506-4069-B2EE-EF56E055C6E5}.Debug|x64.Build.0 = Debug|Any CPU
		{B413971C-F506-4069-B2EE-EF56E055C6E5}.Debug|x86.ActiveCfg = Debug|Any CPU
		{B413971C-F506-4069-B2EE-EF56E055C6E5}.Debug|x86.Build.0 = Debug|Any CPU
		{B413971C-F506-4069-B2EE-EF56E055C6E5}.Release|Any CPU.ActiveCfg = Release|Any CPU
		{B413971C-F506-4069-B2EE-EF56E055C6E5}.Release|Any CPU.Build.0 = Release|Any CPU
		{B413971C-F506-4069-B2EE-EF56E055C6E5}.Release|x64.ActiveCfg = Release|Any CPU
		{B413971C-F506-4069-B2EE-EF56E055C6E5}.Release|x64.Build.0 = Release|Any CPU
		{B413971C-F506-4069-B2EE-EF56E055C6E5}.Release|x86.ActiveCfg = Release|Any CPU
		{B413971C-F506-4069-B2EE-EF56E055C6E5}.Release|x86.Build.0 = Release|Any CPU
	EndGlobalSection
	GlobalSection(SolutionProperties) = preSolution
		HideSolutionNode = FALSE
	EndGlobalSection
	GlobalSection(NestedProjects) = preSolution
		{F50251A5-3270-4F82-AF07-228D750DECC7} = {827E0CD3-B72D-47B6-A68D-7590B98EB39B}
		{0CA87F1C-699F-4D35-9CEC-EE85B5146489} = {827E0CD3-B72D-47B6-A68D-7590B98EB39B}
		{FD60DDD4-951F-4709-A870-86C9FF608361} = {827E0CD3-B72D-47B6-A68D-7590B98EB39B}
		{50D90504-4F9F-4A47-A074-16C353C32DE2} = {827E0CD3-B72D-47B6-A68D-7590B98EB39B}
		{7E7F68BF-8942-4A1A-9DF7-5F81B970D3D5} = {827E0CD3-B72D-47B6-A68D-7590B98EB39B}
		{D7496BB4-81D6-4D25-9BB5-29B367B9CD37} = {0AB3BF05-4346-4AA6-1389-037BE0695223}
		{3E3D1204-92B0-41A8-87CB-4B56B2DC27A5} = {0AB3BF05-4346-4AA6-1389-037BE0695223}
		{B413971C-F506-4069-B2EE-EF56E055C6E5} = {0AB3BF05-4346-4AA6-1389-037BE0695223}
	EndGlobalSection
EndGlobal
